
Microsoft Visual Studio Solution File, Format Version 12.00
# Visual Studio Version 16
VisualStudioVersion = 16.0.30907.101
MinimumVisualStudioVersion = 10.0.40219.1
Project("{FAE04EC0-301F-11D3-BF4B-00C04F79EFBC}") = "ToDoBoards.Api", "ToDoBoards.Api\ToDoBoards.Api.csproj", "{3073A006-687A-4D08-B0E0-04E75EF3325B}"
EndProject
Project("{FAE04EC0-301F-11D3-BF4B-00C04F79EFBC}") = "ToDoBoards.Common", "ToDoBoards.Common\ToDoBoards.Common.csproj", "{8F5BE2DE-FEF4-4534-A42F-F4B711A502A3}"
EndProject
Project("{FAE04EC0-301F-11D3-BF4B-00C04F79EFBC}") = "ToDoBoards.Storage", "ToDoBoards.Storage\ToDoBoards.Storage.csproj", "{AB744E7B-DCEE-4071-B46F-115C2E19CA27}"
EndProject
Project("{FAE04EC0-301F-11D3-BF4B-00C04F79EFBC}") = "ToDoBoards.Storage.Test", "ToDoBoards.Storage.Test\ToDoBoards.Storage.Test.csproj", "{95DB3308-50D5-4ED9-BFC3-BFA521EF7385}"
EndProject
Project("{FAE04EC0-301F-11D3-BF4B-00C04F79EFBC}") = "ToDoBoards.Api.Test", "ToDoBoards.Api.Test\ToDoBoards.Api.Test.csproj", "{693BA485-DC24-49A5-A0AE-DF8ECE0A7557}"
EndProject
Project("{FAE04EC0-301F-11D3-BF4B-00C04F79EFBC}") = "ToDoBoards.Notification", "ToDoBoards.Notification\ToDoBoards.Notification.csproj", "{A9C36319-B5F1-4E95-9FCD-19CA2E35B3B6}"
EndProject
Global
	GlobalSection(SolutionConfigurationPlatforms) = preSolution
		Debug|Any CPU = Debug|Any CPU
		Release|Any CPU = Release|Any CPU
	EndGlobalSection
	GlobalSection(ProjectConfigurationPlatforms) = postSolution
		{3073A006-687A-4D08-B0E0-04E75EF3325B}.Debug|Any CPU.ActiveCfg = Debug|Any CPU
		{3073A006-687A-4D08-B0E0-04E75EF3325B}.Debug|Any CPU.Build.0 = Debug|Any CPU
		{3073A006-687A-4D08-B0E0-04E75EF3325B}.Release|Any CPU.ActiveCfg = Release|Any CPU
		{3073A006-687A-4D08-B0E0-04E75EF3325B}.Release|Any CPU.Build.0 = Release|Any CPU
		{8F5BE2DE-FEF4-4534-A42F-F4B711A502A3}.Debug|Any CPU.ActiveCfg = Debug|Any CPU
		{8F5BE2DE-FEF4-4534-A42F-F4B711A502A3}.Debug|Any CPU.Build.0 = Debug|Any CPU
		{8F5BE2DE-FEF4-4534-A42F-F4B711A502A3}.Release|Any CPU.ActiveCfg = Release|Any CPU
		{8F5BE2DE-FEF4-4534-A42F-F4B711A502A3}.Release|Any CPU.Build.0 = Release|Any CPU
		{AB744E7B-DCEE-4071-B46F-115C2E19CA27}.Debug|Any CPU.ActiveCfg = Debug|Any CPU
		{AB744E7B-DCEE-4071-B46F-115C2E19CA27}.Debug|Any CPU.Build.0 = Debug|Any CPU
		{AB744E7B-DCEE-4071-B46F-115C2E19CA27}.Release|Any CPU.ActiveCfg = Release|Any CPU
		{AB744E7B-DCEE-4071-B46F-115C2E19CA27}.Release|Any CPU.Build.0 = Release|Any CPU
		{95DB3308-50D5-4ED9-BFC3-BFA521EF7385}.Debug|Any CPU.ActiveCfg = Debug|Any CPU
		{95DB3308-50D5-4ED9-BFC3-BFA521EF7385}.Debug|Any CPU.Build.0 = Debug|Any CPU
		{95DB3308-50D5-4ED9-BFC3-BFA521EF7385}.Release|Any CPU.ActiveCfg = Release|Any CPU
		{95DB3308-50D5-4ED9-BFC3-BFA521EF7385}.Release|Any CPU.Build.0 = Release|Any CPU
		{693BA485-DC24-49A5-A0AE-DF8ECE0A7557}.Debug|Any CPU.ActiveCfg = Debug|Any CPU
		{693BA485-DC24-49A5-A0AE-DF8ECE0A7557}.Debug|Any CPU.Build.0 = Debug|Any CPU
		{693BA485-DC24-49A5-A0AE-DF8ECE0A7557}.Release|Any CPU.ActiveCfg = Release|Any CPU
		{693BA485-DC24-49A5-A0AE-DF8ECE0A7557}.Release|Any CPU.Build.0 = Release|Any CPU
		{A9C36319-B5F1-4E95-9FCD-19CA2E35B3B6}.Debug|Any CPU.ActiveCfg = Debug|Any CPU
		{A9C36319-B5F1-4E95-9FCD-19CA2E35B3B6}.Debug|Any CPU.Build.0 = Debug|Any CPU
		{A9C36319-B5F1-4E95-9FCD-19CA2E35B3B6}.Release|Any CPU.ActiveCfg = Release|Any CPU
		{A9C36319-B5F1-4E95-9FCD-19CA2E35B3B6}.Release|Any CPU.Build.0 = Release|Any CPU
	EndGlobalSection
	GlobalSection(SolutionProperties) = preSolution
		HideSolutionNode = FALSE
	EndGlobalSection
	GlobalSection(ExtensibilityGlobals) = postSolution
		SolutionGuid = {C0F651AE-86D5-40BE-BCCA-D75870679BF9}
	EndGlobalSection
EndGlobal
